
Microsoft Visual Studio Solution File, Format Version 12.00
# Visual Studio Version 17
VisualStudioVersion = 17.14.36811.4 d17.14
MinimumVisualStudioVersion = 10.0.40219.1
Project("{FAE04EC0-301F-11D3-BF4B-00C04F79EFBC}") = "Folder_Sublister", "Folder_Sublister.csproj", "{2B0ACBEB-E79E-43B1-8FD6-94C24BAD5D03}"
EndProject
Global
	GlobalSection(SolutionConfigurationPlatforms) = preSolution
		Debug|Any CPU = Debug|Any CPU
		Release|Any CPU = Release|Any CPU
	EndGlobalSection
	GlobalSection(ProjectConfigurationPlatforms) = postSolution
		{2B0ACBEB-E79E-43B1-8FD6-94C24BAD5D03}.Debug|Any CPU.ActiveCfg = Debug|Any CPU
		{2B0ACBEB-E79E-43B1-8FD6-94C24BAD5D03}.Debug|Any CPU.Build.0 = Debug|Any CPU
		{2B0ACBEB-E79E-43B1-8FD6-94C24BAD5D03}.Release|Any CPU.ActiveCfg = Release|Any CPU
		{2B0ACBEB-E79E-43B1-8FD6-94C24BAD5D03}.Release|Any CPU.Build.0 = Release|Any CPU
	EndGlobalSection
	GlobalSection(SolutionProperties) = preSolution
		HideSolutionNode = FALSE
	EndGlobalSection
	GlobalSection(ExtensibilityGlobals) = postSolution
		SolutionGuid = {1D1A3C36-E0C7-4F72-8DA8-21E748362DCE}
	EndGlobalSection
EndGlobal
